
Microsoft Visual Studio Solution File, Format Version 12.00
# Visual Studio Version 17
VisualStudioVersion = 17.0.0.0
MinimumVisualStudioVersion = 10.0.0.0
Project("{2150E333-8FDC-42A3-9474-1A3956D46DE8}") = "experiments", "experiments", "{E0000001-0000-0000-0000-000000000001}"
EndProject
Project("{2150E333-8FDC-42A3-9474-1A3956D46DE8}") = "demo", "demo", "{E0000002-0000-0000-0000-000000000002}"
EndProject
Project("{2150E333-8FDC-42A3-9474-1A3956D46DE8}") = "tools", "tools", "{E0000003-0000-0000-0000-000000000003}"
	ProjectSection(SolutionItems) = preProject
		tools\check-env.sh = tools\check-env.sh
	EndProjectSection
EndProject
Project("{FAE04EC0-301F-11D3-BF4B-00C04F79EFBC}") = "E01GameLoop", "experiments\e01-game-loop\E01GameLoop.csproj", "{BFE69CE4-CAA8-4CE0-91A2-844FDE644EFE}"
EndProject
Project("{FAE04EC0-301F-11D3-BF4B-00C04F79EFBC}") = "E01GameLoop.Tests", "experiments\e01-game-loop.Tests\E01GameLoop.Tests.csproj", "{9B7EB29C-9B5C-4017-AEC6-103B716719EF}"
EndProject
Project("{FAE04EC0-301F-11D3-BF4B-00C04F79EFBC}") = "E02Rendering", "experiments\e02-2d-rendering\E02Rendering.csproj", "{3429F231-AFDA-49A3-B89E-5F10AF4250AF}"
EndProject
Project("{FAE04EC0-301F-11D3-BF4B-00C04F79EFBC}") = "E02Rendering.Tests", "experiments\e02-2d-rendering.Tests\E02Rendering.Tests.csproj", "{4D36EB5F-17F6-4C3A-B630-09F584EF5E36}"
EndProject
Project("{FAE04EC0-301F-11D3-BF4B-00C04F79EFBC}") = "E03Input", "experiments\e03-input\E03Input.csproj", "{4497C0AC-0289-45DA-AD50-9937E3C17686}"
EndProject
Project("{FAE04EC0-301F-11D3-BF4B-00C04F79EFBC}") = "E03Input.Tests", "experiments\e03-input.Tests\E03Input.Tests.csproj", "{EB6E49B0-3B34-4DB7-8F29-31F243B19916}"
EndProject
Project("{FAE04EC0-301F-11D3-BF4B-00C04F79EFBC}") = "E05ContentPipeline", "experiments\e05-content-pipeline\E05ContentPipeline.csproj", "{D967A06C-0929-430C-9581-10883AF04453}"
EndProject
Project("{FAE04EC0-301F-11D3-BF4B-00C04F79EFBC}") = "E05ContentPipeline.Tests", "experiments\e05-content-pipeline.Tests\E05ContentPipeline.Tests.csproj", "{D6600D04-188D-4278-97D9-489D4841B4BA}"
EndProject
Project("{FAE04EC0-301F-11D3-BF4B-00C04F79EFBC}") = "E04Audio", "experiments\e04-audio\E04Audio.csproj", "{8E8D4B42-6C00-46C2-84DF-ED09AFF6D696}"
EndProject
Project("{FAE04EC0-301F-11D3-BF4B-00C04F79EFBC}") = "E04Audio.Tests", "experiments\e04-audio.Tests\E04Audio.Tests.csproj", "{3CE17C0B-FC38-499F-B718-1DE91A6087CA}"
EndProject
Project("{FAE04EC0-301F-11D3-BF4B-00C04F79EFBC}") = "E06CameraAndCollision", "experiments\e06-camera-and-collision\E06CameraAndCollision.csproj", "{822121A4-6A63-4F1B-9D52-727F3FFD97B7}"
EndProject
Project("{FAE04EC0-301F-11D3-BF4B-00C04F79EFBC}") = "E06CameraAndCollision.Tests", "experiments\e06-camera-and-collision.Tests\E06CameraAndCollision.Tests.csproj", "{C915543A-E20F-492F-AD6E-74C81320F841}"
EndProject
Project("{FAE04EC0-301F-11D3-BF4B-00C04F79EFBC}") = "E07Animation", "experiments\e07-animation\E07Animation.csproj", "{3E2BFF2F-900E-4761-B399-AEC9292BF6A0}"
EndProject
Project("{FAE04EC0-301F-11D3-BF4B-00C04F79EFBC}") = "E07Animation.Tests", "experiments\e07-animation.Tests\E07Animation.Tests.csproj", "{1B389368-5590-4924-9B6A-FF8AB15F15D4}"
EndProject
Global
	GlobalSection(SolutionConfigurationPlatforms) = preSolution
		Debug|Any CPU = Debug|Any CPU
		Debug|x64 = Debug|x64
		Debug|x86 = Debug|x86
		Release|Any CPU = Release|Any CPU
		Release|x64 = Release|x64
		Release|x86 = Release|x86
	EndGlobalSection
	GlobalSection(ProjectConfigurationPlatforms) = postSolution
		{BFE69CE4-CAA8-4CE0-91A2-844FDE644EFE}.Debug|Any CPU.ActiveCfg = Debug|Any CPU
		{BFE69CE4-CAA8-4CE0-91A2-844FDE644EFE}.Debug|Any CPU.Build.0 = Debug|Any CPU
		{BFE69CE4-CAA8-4CE0-91A2-844FDE644EFE}.Debug|x64.ActiveCfg = Debug|Any CPU
		{BFE69CE4-CAA8-4CE0-91A2-844FDE644EFE}.Debug|x64.Build.0 = Debug|Any CPU
		{BFE69CE4-CAA8-4CE0-91A2-844FDE644EFE}.Debug|x86.ActiveCfg = Debug|Any CPU
		{BFE69CE4-CAA8-4CE0-91A2-844FDE644EFE}.Debug|x86.Build.0 = Debug|Any CPU
		{BFE69CE4-CAA8-4CE0-91A2-844FDE644EFE}.Release|Any CPU.ActiveCfg = Release|Any CPU
		{BFE69CE4-CAA8-4CE0-91A2-844FDE644EFE}.Release|Any CPU.Build.0 = Release|Any CPU
		{BFE69CE4-CAA8-4CE0-91A2-844FDE644EFE}.Release|x64.ActiveCfg = Release|Any CPU
		{BFE69CE4-CAA8-4CE0-91A2-844FDE644EFE}.Release|x64.Build.0 = Release|Any CPU
		{BFE69CE4-CAA8-4CE0-91A2-844FDE644EFE}.Release|x86.ActiveCfg = Release|Any CPU
		{BFE69CE4-CAA8-4CE0-91A2-844FDE644EFE}.Release|x86.Build.0 = Release|Any CPU
		{9B7EB29C-9B5C-4017-AEC6-103B716719EF}.Debug|Any CPU.ActiveCfg = Debug|Any CPU
		{9B7EB29C-9B5C-4017-AEC6-103B716719EF}.Debug|Any CPU.Build.0 = Debug|Any CPU
		{9B7EB29C-9B5C-4017-AEC6-103B716719EF}.Debug|x64.ActiveCfg = Debug|Any CPU
		{9B7EB29C-9B5C-4017-AEC6-103B716719EF}.Debug|x64.Build.0 = Debug|Any CPU
		{9B7EB29C-9B5C-4017-AEC6-103B716719EF}.Debug|x86.ActiveCfg = Debug|Any CPU
		{9B7EB29C-9B5C-4017-AEC6-103B716719EF}.Debug|x86.Build.0 = Debug|Any CPU
		{9B7EB29C-9B5C-4017-AEC6-103B716719EF}.Release|Any CPU.ActiveCfg = Release|Any CPU
		{9B7EB29C-9B5C-4017-AEC6-103B716719EF}.Release|Any CPU.Build.0 = Release|Any CPU
		{9B7EB29C-9B5C-4017-AEC6-103B716719EF}.Release|x64.ActiveCfg = Release|Any CPU
		{9B7EB29C-9B5C-4017-AEC6-103B716719EF}.Release|x64.Build.0 = Release|Any CPU
		{9B7EB29C-9B5C-4017-AEC6-103B716719EF}.Release|x86.ActiveCfg = Release|Any CPU
		{9B7EB29C-9B5C-4017-AEC6-103B716719EF}.Release|x86.Build.0 = Release|Any CPU
		{3429F231-AFDA-49A3-B89E-5F10AF4250AF}.Debug|Any CPU.ActiveCfg = Debug|Any CPU
		{3429F231-AFDA-49A3-B89E-5F10AF4250AF}.Debug|Any CPU.Build.0 = Debug|Any CPU
		{3429F231-AFDA-49A3-B89E-5F10AF4250AF}.Debug|x64.ActiveCfg = Debug|Any CPU
		{3429F231-AFDA-49A3-B89E-5F10AF4250AF}.Debug|x64.Build.0 = Debug|Any CPU
		{3429F231-AFDA-49A3-B89E-5F10AF4250AF}.Debug|x86.ActiveCfg = Debug|Any CPU
		{3429F231-AFDA-49A3-B89E-5F10AF4250AF}.Debug|x86.Build.0 = Debug|Any CPU
		{3429F231-AFDA-49A3-B89E-5F10AF4250AF}.Release|Any CPU.ActiveCfg = Release|Any CPU
		{3429F231-AFDA-49A3-B89E-5F10AF4250AF}.Release|Any CPU.Build.0 = Release|Any CPU
		{3429F231-AFDA-49A3-B89E-5F10AF4250AF}.Release|x64.ActiveCfg = Release|Any CPU
		{3429F231-AFDA-49A3-B89E-5F10AF4250AF}.Release|x64.Build.0 = Release|Any CPU
		{3429F231-AFDA-49A3-B89E-5F10AF4250AF}.Release|x86.ActiveCfg = Release|Any CPU
		{3429F231-AFDA-49A3-B89E-5F10AF4250AF}.Release|x86.Build.0 = Release|Any CPU
		{4D36EB5F-17F6-4C3A-B630-09F584EF5E36}.Debug|Any CPU.ActiveCfg = Debug|Any CPU
		{4D36EB5F-17F6-4C3A-B630-09F584EF5E36}.Debug|Any CPU.Build.0 = Debug|Any CPU
		{4D36EB5F-17F6-4C3A-B630-09F584EF5E36}.Debug|x64.ActiveCfg = Debug|Any CPU
		{4D36EB5F-17F6-4C3A-B630-09F584EF5E36}.Debug|x64.Build.0 = Debug|Any CPU
		{4D36EB5F-17F6-4C3A-B630-09F584EF5E36}.Debug|x86.ActiveCfg = Debug|Any CPU
		{4D36EB5F-17F6-4C3A-B630-09F584EF5E36}.Debug|x86.Build.0 = Debug|Any CPU
		{4D36EB5F-17F6-4C3A-B630-09F584EF5E36}.Release|Any CPU.ActiveCfg = Release|Any CPU
		{4D36EB5F-17F6-4C3A-B630-09F584EF5E36}.Release|Any CPU.Build.0 = Release|Any CPU
		{4D36EB5F-17F6-4C3A-B630-09F584EF5E36}.Release|x64.ActiveCfg = Release|Any CPU
		{4D36EB5F-17F6-4C3A-B630-09F584EF5E36}.Release|x64.Build.0 = Release|Any CPU
		{4D36EB5F-17F6-4C3A-B630-09F584EF5E36}.Release|x86.ActiveCfg = Release|Any CPU
		{4D36EB5F-17F6-4C3A-B630-09F584EF5E36}.Release|x86.Build.0 = Release|Any CPU
		{4497C0AC-0289-45DA-AD50-9937E3C17686}.Debug|Any CPU.ActiveCfg = Debug|Any CPU
		{4497C0AC-0289-45DA-AD50-9937E3C17686}.Debug|Any CPU.Build.0 = Debug|Any CPU
		{4497C0AC-0289-45DA-AD50-9937E3C17686}.Debug|x64.ActiveCfg = Debug|Any CPU
		{4497C0AC-0289-45DA-AD50-9937E3C17686}.Debug|x64.Build.0 = Debug|Any CPU
		{4497C0AC-0289-45DA-AD50-9937E3C17686}.Debug|x86.ActiveCfg = Debug|Any CPU
		{4497C0AC-0289-45DA-AD50-9937E3C17686}.Debug|x86.Build.0 = Debug|Any CPU
		{4497C0AC-0289-45DA-AD50-9937E3C17686}.Release|Any CPU.ActiveCfg = Release|Any CPU
		{4497C0AC-0289-45DA-AD50-9937E3C17686}.Release|Any CPU.Build.0 = Release|Any CPU
		{4497C0AC-0289-45DA-AD50-9937E3C17686}.Release|x64.ActiveCfg = Release|Any CPU
		{4497C0AC-0289-45DA-AD50-9937E3C17686}.Release|x64.Build.0 = Release|Any CPU
		{4497C0AC-0289-45DA-AD50-9937E3C17686}.Release|x86.ActiveCfg = Release|Any CPU
		{4497C0AC-0289-45DA-AD50-9937E3C17686}.Release|x86.Build.0 = Release|Any CPU
		{EB6E49B0-3B34-4DB7-8F29-31F243B19916}.Debug|Any CPU.ActiveCfg = Debug|Any CPU
		{EB6E49B0-3B34-4DB7-8F29-31F243B19916}.Debug|Any CPU.Build.0 = Debug|Any CPU
		{EB6E49B0-3B34-4DB7-8F29-31F243B19916}.Debug|x64.ActiveCfg = Debug|Any CPU
		{EB6E49B0-3B34-4DB7-8F29-31F243B19916}.Debug|x64.Build.0 = Debug|Any CPU
		{EB6E49B0-3B34-4DB7-8F29-31F243B19916}.Debug|x86.ActiveCfg = Debug|Any CPU
		{EB6E49B0-3B34-4DB7-8F29-31F243B19916}.Debug|x86.Build.0 = Debug|Any CPU
		{EB6E49B0-3B34-4DB7-8F29-31F243B19916}.Release|Any CPU.ActiveCfg = Release|Any CPU
		{EB6E49B0-3B34-4DB7-8F29-31F243B19916}.Release|Any CPU.Build.0 = Release|Any CPU
		{EB6E49B0-3B34-4DB7-8F29-31F243B19916}.Release|x64.ActiveCfg = Release|Any CPU
		{EB6E49B0-3B34-4DB7-8F29-31F243B19916}.Release|x64.Build.0 = Release|Any CPU
		{EB6E49B0-3B34-4DB7-8F29-31F243B19916}.Release|x86.ActiveCfg = Release|Any CPU
		{EB6E49B0-3B34-4DB7-8F29-31F243B19916}.Release|x86.Build.0 = Release|Any CPU
		{D967A06C-0929-430C-9581-10883AF04453}.Debug|Any CPU.ActiveCfg = Debug|Any CPU
		{D967A06C-0929-430C-9581-10883AF04453}.Debug|Any CPU.Build.0 = Debug|Any CPU
		{D967A06C-0929-430C-9581-10883AF04453}.Debug|x64.ActiveCfg = Debug|Any CPU
		{D967A06C-0929-430C-9581-10883AF04453}.Debug|x64.Build.0 = Debug|Any CPU
		{D967A06C-0929-430C-9581-10883AF04453}.Debug|x86.ActiveCfg = Debug|Any CPU
		{D967A06C-0929-430C-9581-10883AF04453}.Debug|x86.Build.0 = Debug|Any CPU
		{D967A06C-0929-430C-9581-10883AF04453}.Release|Any CPU.ActiveCfg = Release|Any CPU
		{D967A06C-0929-430C-9581-10883AF04453}.Release|Any CPU.Build.0 = Release|Any CPU
		{D967A06C-0929-430C-9581-10883AF04453}.Release|x64.ActiveCfg = Release|Any CPU
		{D967A06C-0929-430C-9581-10883AF04453}.Release|x64.Build.0 = Release|Any CPU
		{D967A06C-0929-430C-9581-10883AF04453}.Release|x86.ActiveCfg = Release|Any CPU
		{D967A06C-0929-430C-9581-10883AF04453}.Release|x86.Build.0 = Release|Any CPU
		{D6600D04-188D-4278-97D9-489D4841B4BA}.Debug|Any CPU.ActiveCfg = Debug|Any CPU
		{D6600D04-188D-4278-97D9-489D4841B4BA}.Debug|Any CPU.Build.0 = Debug|Any CPU
		{D6600D04-188D-4278-97D9-489D4841B4BA}.Debug|x64.ActiveCfg = Debug|Any CPU
		{D6600D04-188D-4278-97D9-489D4841B4BA}.Debug|x64.Build.0 = Debug|Any CPU
		{D6600D04-188D-4278-97D9-489D4841B4BA}.Debug|x86.ActiveCfg = Debug|Any CPU
		{D6600D04-188D-4278-97D9-489D4841B4BA}.Debug|x86.Build.0 = Debug|Any CPU
		{D6600D04-188D-4278-97D9-489D4841B4BA}.Release|Any CPU.ActiveCfg = Release|Any CPU
		{D6600D04-188D-4278-97D9-489D4841B4BA}.Release|Any CPU.Build.0 = Release|Any CPU
		{D6600D04-188D-4278-97D9-489D4841B4BA}.Release|x64.ActiveCfg = Release|Any CPU
		{D6600D04-188D-4278-97D9-489D4841B4BA}.Release|x64.Build.0 = Release|Any CPU
		{D6600D04-188D-4278-97D9-489D4841B4BA}.Release|x86.ActiveCfg = Release|Any CPU
		{D6600D04-188D-4278-97D9-489D4841B4BA}.Release|x86.Build.0 = Release|Any CPU
		{8E8D4B42-6C00-46C2-84DF-ED09AFF6D696}.Debug|Any CPU.ActiveCfg = Debug|Any CPU
		{8E8D4B42-6C00-46C2-84DF-ED09AFF6D696}.Debug|Any CPU.Build.0 = Debug|Any CPU
		{8E8D4B42-6C00-46C2-84DF-ED09AFF6D696}.Debug|x64.ActiveCfg = Debug|Any CPU
		{8E8D4B42-6C00-46C2-84DF-ED09AFF6D696}.Debug|x64.Build.0 = Debug|Any CPU
		{8E8D4B42-6C00-46C2-84DF-ED09AFF6D696}.Debug|x86.ActiveCfg = Debug|Any CPU
		{8E8D4B42-6C00-46C2-84DF-ED09AFF6D696}.Debug|x86.Build.0 = Debug|Any CPU
		{8E8D4B42-6C00-46C2-84DF-ED09AFF6D696}.Release|Any CPU.ActiveCfg = Release|Any CPU
		{8E8D4B42-6C00-46C2-84DF-ED09AFF6D696}.Release|Any CPU.Build.0 = Release|Any CPU
		{8E8D4B42-6C00-46C2-84DF-ED09AFF6D696}.Release|x64.ActiveCfg = Release|Any CPU
		{8E8D4B42-6C00-46C2-84DF-ED09AFF6D696}.Release|x64.Build.0 = Release|Any CPU
		{8E8D4B42-6C00-46C2-84DF-ED09AFF6D696}.Release|x86.ActiveCfg = Release|Any CPU
		{8E8D4B42-6C00-46C2-84DF-ED09AFF6D696}.Release|x86.Build.0 = Release|Any CPU
		{3CE17C0B-FC38-499F-B718-1DE91A6087CA}.Debug|Any CPU.ActiveCfg = Debug|Any CPU
		{3CE17C0B-FC38-499F-B718-1DE91A6087CA}.Debug|Any CPU.Build.0 = Debug|Any CPU
		{3CE17C0B-FC38-499F-B718-1DE91A6087CA}.Debug|x64.ActiveCfg = Debug|Any CPU
		{3CE17C0B-FC38-499F-B718-1DE91A6087CA}.Debug|x64.Build.0 = Debug|Any CPU
		{3CE17C0B-FC38-499F-B718-1DE91A6087CA}.Debug|x86.ActiveCfg = Debug|Any CPU
		{3CE17C0B-FC38-499F-B718-1DE91A6087CA}.Debug|x86.Build.0 = Debug|Any CPU
		{3CE17C0B-FC38-499F-B718-1DE91A6087CA}.Release|Any CPU.ActiveCfg = Release|Any CPU
		{3CE17C0B-FC38-499F-B718-1DE91A6087CA}.Release|Any CPU.Build.0 = Release|Any CPU
		{3CE17C0B-FC38-499F-B718-1DE91A6087CA}.Release|x64.ActiveCfg = Release|Any CPU
		{3CE17C0B-FC38-499F-B718-1DE91A6087CA}.Release|x64.Build.0 = Release|Any CPU
		{3CE17C0B-FC38-499F-B718-1DE91A6087CA}.Release|x86.ActiveCfg = Release|Any CPU
		{3CE17C0B-FC38-499F-B718-1DE91A6087CA}.Release|x86.Build.0 = Release|Any CPU
		{822121A4-6A63-4F1B-9D52-727F3FFD97B7}.Debug|Any CPU.ActiveCfg = Debug|Any CPU
		{822121A4-6A63-4F1B-9D52-727F3FFD97B7}.Debug|Any CPU.Build.0 = Debug|Any CPU
		{822121A4-6A63-4F1B-9D52-727F3FFD97B7}.Debug|x64.ActiveCfg = Debug|Any CPU
		{822121A4-6A63-4F1B-9D52-727F3FFD97B7}.Debug|x64.Build.0 = Debug|Any CPU
		{822121A4-6A63-4F1B-9D52-727F3FFD97B7}.Debug|x86.ActiveCfg = Debug|Any CPU
		{822121A4-6A63-4F1B-9D52-727F3FFD97B7}.Debug|x86.Build.0 = Debug|Any CPU
		{822121A4-6A63-4F1B-9D52-727F3FFD97B7}.Release|Any CPU.ActiveCfg = Release|Any CPU
		{822121A4-6A63-4F1B-9D52-727F3FFD97B7}.Release|Any CPU.Build.0 = Release|Any CPU
		{822121A4-6A63-4F1B-9D52-727F3FFD97B7}.Release|x64.ActiveCfg = Release|Any CPU
		{822121A4-6A63-4F1B-9D52-727F3FFD97B7}.Release|x64.Build.0 = Release|Any CPU
		{822121A4-6A63-4F1B-9D52-727F3FFD97B7}.Release|x86.ActiveCfg = Release|Any CPU
		{822121A4-6A63-4F1B-9D52-727F3FFD97B7}.Release|x86.Build.0 = Release|Any CPU
		{C915543A-E20F-492F-AD6E-74C81320F841}.Debug|Any CPU.ActiveCfg = Debug|Any CPU
		{C915543A-E20F-492F-AD6E-74C81320F841}.Debug|Any CPU.Build.0 = Debug|Any CPU
		{C915543A-E20F-492F-AD6E-74C81320F841}.Debug|x64.ActiveCfg = Debug|Any CPU
		{C915543A-E20F-492F-AD6E-74C81320F841}.Debug|x64.Build.0 = Debug|Any CPU
		{C915543A-E20F-492F-AD6E-74C81320F841}.Debug|x86.ActiveCfg = Debug|Any CPU
		{C915543A-E20F-492F-AD6E-74C81320F841}.Debug|x86.Build.0 = Debug|Any CPU
		{C915543A-E20F-492F-AD6E-74C81320F841}.Release|Any CPU.ActiveCfg = Release|Any CPU
		{C915543A-E20F-492F-AD6E-74C81320F841}.Release|Any CPU.Build.0 = Release|Any CPU
		{C915543A-E20F-492F-AD6E-74C81320F841}.Release|x64.ActiveCfg = Release|Any CPU
		{C915543A-E20F-492F-AD6E-74C81320F841}.Release|x64.Build.0 = Release|Any CPU
		{C915543A-E20F-492F-AD6E-74C81320F841}.Release|x86.ActiveCfg = Release|Any CPU
		{C915543A-E20F-492F-AD6E-74C81320F841}.Release|x86.Build.0 = Release|Any CPU
		{3E2BFF2F-900E-4761-B399-AEC9292BF6A0}.Debug|Any CPU.ActiveCfg = Debug|Any CPU
		{3E2BFF2F-900E-4761-B399-AEC9292BF6A0}.Debug|Any CPU.Build.0 = Debug|Any CPU
		{3E2BFF2F-900E-4761-B399-AEC9292BF6A0}.Debug|x64.ActiveCfg = Debug|Any CPU
		{3E2BFF2F-900E-4761-B399-AEC9292BF6A0}.Debug|x64.Build.0 = Debug|Any CPU
		{3E2BFF2F-900E-4761-B399-AEC9292BF6A0}.Debug|x86.ActiveCfg = Debug|Any CPU
		{3E2BFF2F-900E-4761-B399-AEC9292BF6A0}.Debug|x86.Build.0 = Debug|Any CPU
		{3E2BFF2F-900E-4761-B399-AEC9292BF6A0}.Release|Any CPU.ActiveCfg = Release|Any CPU
		{3E2BFF2F-900E-4761-B399-AEC9292BF6A0}.Release|Any CPU.Build.0 = Release|Any CPU
		{3E2BFF2F-900E-4761-B399-AEC9292BF6A0}.Release|x64.ActiveCfg = Release|Any CPU
		{3E2BFF2F-900E-4761-B399-AEC9292BF6A0}.Release|x64.Build.0 = Release|Any CPU
		{3E2BFF2F-900E-4761-B399-AEC9292BF6A0}.Release|x86.ActiveCfg = Release|Any CPU
		{3E2BFF2F-900E-4761-B399-AEC9292BF6A0}.Release|x86.Build.0 = Release|Any CPU
		{1B389368-5590-4924-9B6A-FF8AB15F15D4}.Debug|Any CPU.ActiveCfg = Debug|Any CPU
		{1B389368-5590-4924-9B6A-FF8AB15F15D4}.Debug|Any CPU.Build.0 = Debug|Any CPU
		{1B389368-5590-4924-9B6A-FF8AB15F15D4}.Debug|x64.ActiveCfg = Debug|Any CPU
		{1B389368-5590-4924-9B6A-FF8AB15F15D4}.Debug|x64.Build.0 = Debug|Any CPU
		{1B389368-5590-4924-9B6A-FF8AB15F15D4}.Debug|x86.ActiveCfg = Debug|Any CPU
		{1B389368-5590-4924-9B6A-FF8AB15F15D4}.Debug|x86.Build.0 = Debug|Any CPU
		{1B389368-5590-4924-9B6A-FF8AB15F15D4}.Release|Any CPU.ActiveCfg = Release|Any CPU
		{1B389368-5590-4924-9B6A-FF8AB15F15D4}.Release|Any CPU.Build.0 = Release|Any CPU
		{1B389368-5590-4924-9B6A-FF8AB15F15D4}.Release|x64.ActiveCfg = Release|Any CPU
		{1B389368-5590-4924-9B6A-FF8AB15F15D4}.Release|x64.Build.0 = Release|Any CPU
		{1B389368-5590-4924-9B6A-FF8AB15F15D4}.Release|x86.ActiveCfg = Release|Any CPU
		{1B389368-5590-4924-9B6A-FF8AB15F15D4}.Release|x86.Build.0 = Release|Any CPU
	EndGlobalSection
	GlobalSection(SolutionProperties) = preSolution
		HideSolutionNode = FALSE
	EndGlobalSection
	GlobalSection(NestedProjects) = preSolution
		{BFE69CE4-CAA8-4CE0-91A2-844FDE644EFE} = {E0000001-0000-0000-0000-000000000001}
		{9B7EB29C-9B5C-4017-AEC6-103B716719EF} = {E0000001-0000-0000-0000-000000000001}
		{3429F231-AFDA-49A3-B89E-5F10AF4250AF} = {E0000001-0000-0000-0000-000000000001}
		{4D36EB5F-17F6-4C3A-B630-09F584EF5E36} = {E0000001-0000-0000-0000-000000000001}
		{4497C0AC-0289-45DA-AD50-9937E3C17686} = {E0000001-0000-0000-0000-000000000001}
		{EB6E49B0-3B34-4DB7-8F29-31F243B19916} = {E0000001-0000-0000-0000-000000000001}
		{D967A06C-0929-430C-9581-10883AF04453} = {E0000001-0000-0000-0000-000000000001}
		{D6600D04-188D-4278-97D9-489D4841B4BA} = {E0000001-0000-0000-0000-000000000001}
		{8E8D4B42-6C00-46C2-84DF-ED09AFF6D696} = {E0000001-0000-0000-0000-000000000001}
		{3CE17C0B-FC38-499F-B718-1DE91A6087CA} = {E0000001-0000-0000-0000-000000000001}
		{822121A4-6A63-4F1B-9D52-727F3FFD97B7} = {E0000001-0000-0000-0000-000000000001}
		{C915543A-E20F-492F-AD6E-74C81320F841} = {E0000001-0000-0000-0000-000000000001}
		{3E2BFF2F-900E-4761-B399-AEC9292BF6A0} = {E0000001-0000-0000-0000-000000000001}
		{1B389368-5590-4924-9B6A-FF8AB15F15D4} = {E0000001-0000-0000-0000-000000000001}
	EndGlobalSection
EndGlobal
