
Microsoft Visual Studio Solution File, Format Version 12.00
# Visual Studio Version 17
VisualStudioVersion = 17.0.0.0
MinimumVisualStudioVersion = 10.0.0.0
Project("{2150E333-8FDC-42A3-9474-1A3956D46DE8}") = "experiments", "experiments", "{E0000001-0000-0000-0000-000000000001}"
EndProject
Project("{2150E333-8FDC-42A3-9474-1A3956D46DE8}") = "demo", "demo", "{E0000002-0000-0000-0000-000000000002}"
EndProject
Project("{2150E333-8FDC-42A3-9474-1A3956D46DE8}") = "tools", "tools", "{E0000003-0000-0000-0000-000000000003}"
	ProjectSection(SolutionItems) = preProject
		tools\check-env.sh = tools\check-env.sh
	EndProjectSection
EndProject
Project("{FAE04EC0-301F-11D3-BF4B-00C04F79EFBC}") = "E01GameLoop", "experiments\e01-game-loop\E01GameLoop.csproj", "{BFE69CE4-CAA8-4CE0-91A2-844FDE644EFE}"
EndProject
Project("{FAE04EC0-301F-11D3-BF4B-00C04F79EFBC}") = "E01GameLoop.Tests", "experiments\e01-game-loop.Tests\E01GameLoop.Tests.csproj", "{9B7EB29C-9B5C-4017-AEC6-103B716719EF}"
EndProject
Project("{FAE04EC0-301F-11D3-BF4B-00C04F79EFBC}") = "E02Rendering", "experiments\e02-2d-rendering\E02Rendering.csproj", "{3429F231-AFDA-49A3-B89E-5F10AF4250AF}"
EndProject
Project("{FAE04EC0-301F-11D3-BF4B-00C04F79EFBC}") = "E02Rendering.Tests", "experiments\e02-2d-rendering.Tests\E02Rendering.Tests.csproj", "{4D36EB5F-17F6-4C3A-B630-09F584EF5E36}"
EndProject
Global
	GlobalSection(SolutionConfigurationPlatforms) = preSolution
		Debug|Any CPU = Debug|Any CPU
		Debug|x64 = Debug|x64
		Debug|x86 = Debug|x86
		Release|Any CPU = Release|Any CPU
		Release|x64 = Release|x64
		Release|x86 = Release|x86
	EndGlobalSection
	GlobalSection(ProjectConfigurationPlatforms) = postSolution
		{BFE69CE4-CAA8-4CE0-91A2-844FDE644EFE}.Debug|Any CPU.ActiveCfg = Debug|Any CPU
		{BFE69CE4-CAA8-4CE0-91A2-844FDE644EFE}.Debug|Any CPU.Build.0 = Debug|Any CPU
		{BFE69CE4-CAA8-4CE0-91A2-844FDE644EFE}.Debug|x64.ActiveCfg = Debug|Any CPU
		{BFE69CE4-CAA8-4CE0-91A2-844FDE644EFE}.Debug|x64.Build.0 = Debug|Any CPU
		{BFE69CE4-CAA8-4CE0-91A2-844FDE644EFE}.Debug|x86.ActiveCfg = Debug|Any CPU
		{BFE69CE4-CAA8-4CE0-91A2-844FDE644EFE}.Debug|x86.Build.0 = Debug|Any CPU
		{BFE69CE4-CAA8-4CE0-91A2-844FDE644EFE}.Release|Any CPU.ActiveCfg = Release|Any CPU
		{BFE69CE4-CAA8-4CE0-91A2-844FDE644EFE}.Release|Any CPU.Build.0 = Release|Any CPU
		{BFE69CE4-CAA8-4CE0-91A2-844FDE644EFE}.Release|x64.ActiveCfg = Release|Any CPU
		{BFE69CE4-CAA8-4CE0-91A2-844FDE644EFE}.Release|x64.Build.0 = Release|Any CPU
		{BFE69CE4-CAA8-4CE0-91A2-844FDE644EFE}.Release|x86.ActiveCfg = Release|Any CPU
		{BFE69CE4-CAA8-4CE0-91A2-844FDE644EFE}.Release|x86.Build.0 = Release|Any CPU
		{9B7EB29C-9B5C-4017-AEC6-103B716719EF}.Debug|Any CPU.ActiveCfg = Debug|Any CPU
		{9B7EB29C-9B5C-4017-AEC6-103B716719EF}.Debug|Any CPU.Build.0 = Debug|Any CPU
		{9B7EB29C-9B5C-4017-AEC6-103B716719EF}.Debug|x64.ActiveCfg = Debug|Any CPU
		{9B7EB29C-9B5C-4017-AEC6-103B716719EF}.Debug|x64.Build.0 = Debug|Any CPU
		{9B7EB29C-9B5C-4017-AEC6-103B716719EF}.Debug|x86.ActiveCfg = Debug|Any CPU
		{9B7EB29C-9B5C-4017-AEC6-103B716719EF}.Debug|x86.Build.0 = Debug|Any CPU
		{9B7EB29C-9B5C-4017-AEC6-103B716719EF}.Release|Any CPU.ActiveCfg = Release|Any CPU
		{9B7EB29C-9B5C-4017-AEC6-103B716719EF}.Release|Any CPU.Build.0 = Release|Any CPU
		{9B7EB29C-9B5C-4017-AEC6-103B716719EF}.Release|x64.ActiveCfg = Release|Any CPU
		{9B7EB29C-9B5C-4017-AEC6-103B716719EF}.Release|x64.Build.0 = Release|Any CPU
		{9B7EB29C-9B5C-4017-AEC6-103B716719EF}.Release|x86.ActiveCfg = Release|Any CPU
		{9B7EB29C-9B5C-4017-AEC6-103B716719EF}.Release|x86.Build.0 = Release|Any CPU
		{3429F231-AFDA-49A3-B89E-5F10AF4250AF}.Debug|Any CPU.ActiveCfg = Debug|Any CPU
		{3429F231-AFDA-49A3-B89E-5F10AF4250AF}.Debug|Any CPU.Build.0 = Debug|Any CPU
		{3429F231-AFDA-49A3-B89E-5F10AF4250AF}.Debug|x64.ActiveCfg = Debug|Any CPU
		{3429F231-AFDA-49A3-B89E-5F10AF4250AF}.Debug|x64.Build.0 = Debug|Any CPU
		{3429F231-AFDA-49A3-B89E-5F10AF4250AF}.Debug|x86.ActiveCfg = Debug|Any CPU
		{3429F231-AFDA-49A3-B89E-5F10AF4250AF}.Debug|x86.Build.0 = Debug|Any CPU
		{3429F231-AFDA-49A3-B89E-5F10AF4250AF}.Release|Any CPU.ActiveCfg = Release|Any CPU
		{3429F231-AFDA-49A3-B89E-5F10AF4250AF}.Release|Any CPU.Build.0 = Release|Any CPU
		{3429F231-AFDA-49A3-B89E-5F10AF4250AF}.Release|x64.ActiveCfg = Release|Any CPU
		{3429F231-AFDA-49A3-B89E-5F10AF4250AF}.Release|x64.Build.0 = Release|Any CPU
		{3429F231-AFDA-49A3-B89E-5F10AF4250AF}.Release|x86.ActiveCfg = Release|Any CPU
		{3429F231-AFDA-49A3-B89E-5F10AF4250AF}.Release|x86.Build.0 = Release|Any CPU
		{4D36EB5F-17F6-4C3A-B630-09F584EF5E36}.Debug|Any CPU.ActiveCfg = Debug|Any CPU
		{4D36EB5F-17F6-4C3A-B630-09F584EF5E36}.Debug|Any CPU.Build.0 = Debug|Any CPU
		{4D36EB5F-17F6-4C3A-B630-09F584EF5E36}.Debug|x64.ActiveCfg = Debug|Any CPU
		{4D36EB5F-17F6-4C3A-B630-09F584EF5E36}.Debug|x64.Build.0 = Debug|Any CPU
		{4D36EB5F-17F6-4C3A-B630-09F584EF5E36}.Debug|x86.ActiveCfg = Debug|Any CPU
		{4D36EB5F-17F6-4C3A-B630-09F584EF5E36}.Debug|x86.Build.0 = Debug|Any CPU
		{4D36EB5F-17F6-4C3A-B630-09F584EF5E36}.Release|Any CPU.ActiveCfg = Release|Any CPU
		{4D36EB5F-17F6-4C3A-B630-09F584EF5E36}.Release|Any CPU.Build.0 = Release|Any CPU
		{4D36EB5F-17F6-4C3A-B630-09F584EF5E36}.Release|x64.ActiveCfg = Release|Any CPU
		{4D36EB5F-17F6-4C3A-B630-09F584EF5E36}.Release|x64.Build.0 = Release|Any CPU
		{4D36EB5F-17F6-4C3A-B630-09F584EF5E36}.Release|x86.ActiveCfg = Release|Any CPU
		{4D36EB5F-17F6-4C3A-B630-09F584EF5E36}.Release|x86.Build.0 = Release|Any CPU
	EndGlobalSection
	GlobalSection(SolutionProperties) = preSolution
		HideSolutionNode = FALSE
	EndGlobalSection
	GlobalSection(NestedProjects) = preSolution
		{BFE69CE4-CAA8-4CE0-91A2-844FDE644EFE} = {E0000001-0000-0000-0000-000000000001}
		{9B7EB29C-9B5C-4017-AEC6-103B716719EF} = {E0000001-0000-0000-0000-000000000001}
		{3429F231-AFDA-49A3-B89E-5F10AF4250AF} = {E0000001-0000-0000-0000-000000000001}
		{4D36EB5F-17F6-4C3A-B630-09F584EF5E36} = {E0000001-0000-0000-0000-000000000001}
	EndGlobalSection
EndGlobal
